
Microsoft Visual Studio Solution File, Format Version 12.00
# Visual Studio Version 17
VisualStudioVersion = 17.11.35327.3
MinimumVisualStudioVersion = 10.0.40219.1
Project("{FAE04EC0-301F-11D3-BF4B-00C04F79EFBC}") = "CatchBlocks", "CatchBlocks\CatchBlocks.csproj", "{A33669E2-AAF6-47FB-B35B-0A01EC68931F}"
EndProject
Global
	GlobalSection(SolutionConfigurationPlatforms) = preSolution
		Debug|Any CPU = Debug|Any CPU
		Release|Any CPU = Release|Any CPU
	EndGlobalSection
	GlobalSection(ProjectConfigurationPlatforms) = postSolution
		{A33669E2-AAF6-47FB-B35B-0A01EC68931F}.Debug|Any CPU.ActiveCfg = Debug|Any CPU
		{A33669E2-AAF6-47FB-B35B-0A01EC68931F}.Debug|Any CPU.Build.0 = Debug|Any CPU
		{A33669E2-AAF6-47FB-B35B-0A01EC68931F}.Release|Any CPU.ActiveCfg = Release|Any CPU
		{A33669E2-AAF6-47FB-B35B-0A01EC68931F}.Release|Any CPU.Build.0 = Release|Any CPU
	EndGlobalSection
	GlobalSection(SolutionProperties) = preSolution
		HideSolutionNode = FALSE
	EndGlobalSection
	GlobalSection(ExtensibilityGlobals) = postSolution
		SolutionGuid = {F81C647E-A65A-4248-9E37-56772CFF5144}
	EndGlobalSection
EndGlobal
